// !$*UTF8*$!
{
	archiveVersion = 1;
	classes = {
	};
	objectVersion = 50;
	objects = {

/* Begin PBXBuildFile section */
		5B1A8CCA228739120015040B /* AppDelegate.swift in Sources */ = {isa = PBXBuildFile; fileRef = 5B1A8CC9228739120015040B /* AppDelegate.swift */; };
		5B1A8CCC228739120015040B /* ViewController4.swift in Sources */ = {isa = PBXBuildFile; fileRef = 5B1A8CCB228739120015040B /* ViewController4.swift */; };
		5B1A8CCF228739120015040B /* Main.storyboard in Resources */ = {isa = PBXBuildFile; fileRef = 5B1A8CCD228739120015040B /* Main.storyboard */; };
		5B1A8CD1228739140015040B /* Assets.xcassets in Resources */ = {isa = PBXBuildFile; fileRef = 5B1A8CD0228739140015040B /* Assets.xcassets */; };
		5B1A8CD4228739140015040B /* LaunchScreen.storyboard in Resources */ = {isa = PBXBuildFile; fileRef = 5B1A8CD2228739140015040B /* LaunchScreen.storyboard */; };
		5B1A8CDF228739140015040B /* moviesTests.swift in Sources */ = {isa = PBXBuildFile; fileRef = 5B1A8CDE228739140015040B /* moviesTests.swift */; };
		5B1A8CEA228749700015040B /* Extensions.swift in Sources */ = {isa = PBXBuildFile; fileRef = 5B1A8CE9228749700015040B /* Extensions.swift */; };
		5B1A8CEC22874A120015040B /* Movie.swift in Sources */ = {isa = PBXBuildFile; fileRef = 5B1A8CEB22874A120015040B /* Movie.swift */; };
		5B1A8CF8228867360015040B /* MovieViewController.swift in Sources */ = {isa = PBXBuildFile; fileRef = 5B1A8CF7228867360015040B /* MovieViewController.swift */; };
		5B1A8CFA228889360015040B /* CategoriesViewController.swift in Sources */ = {isa = PBXBuildFile; fileRef = 5B1A8CF9228889360015040B /* CategoriesViewController.swift */; };
		5B1A8CFC2288D3720015040B /* Reachability.swift in Sources */ = {isa = PBXBuildFile; fileRef = 5B1A8CFB2288D3720015040B /* Reachability.swift */; };
		5B1A8CFE2288ED110015040B /* NSCache+Singleton.swift in Sources */ = {isa = PBXBuildFile; fileRef = 5B1A8CFD2288ED110015040B /* NSCache+Singleton.swift */; };
		5B35ADEB228A5F9300563D4E /* MovieListViewController.swift in Sources */ = {isa = PBXBuildFile; fileRef = 5B35ADEA228A5F9300563D4E /* MovieListViewController.swift */; };
		5BB3EA18228B90F2009468F8 /* MovieCell.swift in Sources */ = {isa = PBXBuildFile; fileRef = 5BB3EA17228B90F2009468F8 /* MovieCell.swift */; };
		5BB3EA1A228B928F009468F8 /* Category.swift in Sources */ = {isa = PBXBuildFile; fileRef = 5BB3EA19228B928F009468F8 /* Category.swift */; };
		5BB3EA1C228B9884009468F8 /* Type.swift in Sources */ = {isa = PBXBuildFile; fileRef = 5BB3EA1B228B9884009468F8 /* Type.swift */; };
		5BB3EA1E228B9AB7009468F8 /* InfoService.swift in Sources */ = {isa = PBXBuildFile; fileRef = 5BB3EA1D228B9AB7009468F8 /* InfoService.swift */; };
		5BB3EA20228BA1D9009468F8 /* IntroViewController.swift in Sources */ = {isa = PBXBuildFile; fileRef = 5BB3EA1F228BA1D9009468F8 /* IntroViewController.swift */; };
		5BB3EA25228BAB86009468F8 /* logo.png in Resources */ = {isa = PBXBuildFile; fileRef = 5BB3EA24228BAB86009468F8 /* logo.png */; };
		5BB3EA27228BB245009468F8 /* unnamed.png in Resources */ = {isa = PBXBuildFile; fileRef = 5BB3EA26228BB245009468F8 /* unnamed.png */; };
/* End PBXBuildFile section */

/* Begin PBXContainerItemProxy section */
		5B1A8CDB228739140015040B /* PBXContainerItemProxy */ = {
			isa = PBXContainerItemProxy;
			containerPortal = 5B1A8CBE228739120015040B /* Project object */;
			proxyType = 1;
			remoteGlobalIDString = 5B1A8CC5228739120015040B;
			remoteInfo = movies;
		};
/* End PBXContainerItemProxy section */

/* Begin PBXFileReference section */
		5B1A8CC6228739120015040B /* movies.app */ = {isa = PBXFileReference; explicitFileType = wrapper.application; includeInIndex = 0; path = movies.app; sourceTree = BUILT_PRODUCTS_DIR; };
		5B1A8CC9228739120015040B /* AppDelegate.swift */ = {isa = PBXFileReference; lastKnownFileType = sourcecode.swift; path = AppDelegate.swift; sourceTree = "<group>"; };
		5B1A8CCB228739120015040B /* ViewController4.swift */ = {isa = PBXFileReference; lastKnownFileType = sourcecode.swift; path = ViewController4.swift; sourceTree = "<group>"; };
		5B1A8CCE228739120015040B /* Base */ = {isa = PBXFileReference; lastKnownFileType = file.storyboard; name = Base; path = Base.lproj/Main.storyboard; sourceTree = "<group>"; };
		5B1A8CD0228739140015040B /* Assets.xcassets */ = {isa = PBXFileReference; lastKnownFileType = folder.assetcatalog; path = Assets.xcassets; sourceTree = "<group>"; };
		5B1A8CD3228739140015040B /* Base */ = {isa = PBXFileReference; lastKnownFileType = file.storyboard; name = Base; path = Base.lproj/LaunchScreen.storyboard; sourceTree = "<group>"; };
		5B1A8CD5228739140015040B /* Info.plist */ = {isa = PBXFileReference; lastKnownFileType = text.plist.xml; path = Info.plist; sourceTree = "<group>"; };
		5B1A8CDA228739140015040B /* moviesTests.xctest */ = {isa = PBXFileReference; explicitFileType = wrapper.cfbundle; includeInIndex = 0; path = moviesTests.xctest; sourceTree = BUILT_PRODUCTS_DIR; };
		5B1A8CDE228739140015040B /* moviesTests.swift */ = {isa = PBXFileReference; lastKnownFileType = sourcecode.swift; path = moviesTests.swift; sourceTree = "<group>"; };
		5B1A8CE0228739140015040B /* Info.plist */ = {isa = PBXFileReference; lastKnownFileType = text.plist.xml; path = Info.plist; sourceTree = "<group>"; };
		5B1A8CE9228749700015040B /* Extensions.swift */ = {isa = PBXFileReference; lastKnownFileType = sourcecode.swift; path = Extensions.swift; sourceTree = "<group>"; };
		5B1A8CEB22874A120015040B /* Movie.swift */ = {isa = PBXFileReference; lastKnownFileType = sourcecode.swift; path = Movie.swift; sourceTree = "<group>"; };
		5B1A8CF7228867360015040B /* MovieViewController.swift */ = {isa = PBXFileReference; lastKnownFileType = sourcecode.swift; path = MovieViewController.swift; sourceTree = "<group>"; };
		5B1A8CF9228889360015040B /* CategoriesViewController.swift */ = {isa = PBXFileReference; lastKnownFileType = sourcecode.swift; path = CategoriesViewController.swift; sourceTree = "<group>"; };
		5B1A8CFB2288D3720015040B /* Reachability.swift */ = {isa = PBXFileReference; lastKnownFileType = sourcecode.swift; path = Reachability.swift; sourceTree = "<group>"; };
		5B1A8CFD2288ED110015040B /* NSCache+Singleton.swift */ = {isa = PBXFileReference; lastKnownFileType = sourcecode.swift; path = "NSCache+Singleton.swift"; sourceTree = "<group>"; };
		5B35ADEA228A5F9300563D4E /* MovieListViewController.swift */ = {isa = PBXFileReference; lastKnownFileType = sourcecode.swift; path = MovieListViewController.swift; sourceTree = "<group>"; };
		5BB3EA17228B90F2009468F8 /* MovieCell.swift */ = {isa = PBXFileReference; lastKnownFileType = sourcecode.swift; path = MovieCell.swift; sourceTree = "<group>"; };
		5BB3EA19228B928F009468F8 /* Category.swift */ = {isa = PBXFileReference; lastKnownFileType = sourcecode.swift; path = Category.swift; sourceTree = "<group>"; };
		5BB3EA1B228B9884009468F8 /* Type.swift */ = {isa = PBXFileReference; lastKnownFileType = sourcecode.swift; path = Type.swift; sourceTree = "<group>"; };
		5BB3EA1D228B9AB7009468F8 /* InfoService.swift */ = {isa = PBXFileReference; lastKnownFileType = sourcecode.swift; path = InfoService.swift; sourceTree = "<group>"; };
		5BB3EA1F228BA1D9009468F8 /* IntroViewController.swift */ = {isa = PBXFileReference; lastKnownFileType = sourcecode.swift; path = IntroViewController.swift; sourceTree = "<group>"; };
		5BB3EA24228BAB86009468F8 /* logo.png */ = {isa = PBXFileReference; lastKnownFileType = image.png; path = logo.png; sourceTree = "<group>"; };
		5BB3EA26228BB245009468F8 /* unnamed.png */ = {isa = PBXFileReference; lastKnownFileType = image.png; path = unnamed.png; sourceTree = "<group>"; };
/* End PBXFileReference section */

/* Begin PBXFrameworksBuildPhase section */
		5B1A8CC3228739120015040B /* Frameworks */ = {
			isa = PBXFrameworksBuildPhase;
			buildActionMask = 2147483647;
			files = (
			);
			runOnlyForDeploymentPostprocessing = 0;
		};
		5B1A8CD7228739140015040B /* Frameworks */ = {
			isa = PBXFrameworksBuildPhase;
			buildActionMask = 2147483647;
			files = (
			);
			runOnlyForDeploymentPostprocessing = 0;
		};
/* End PBXFrameworksBuildPhase section */

/* Begin PBXGroup section */
		5B1A8CBD228739120015040B = {
			isa = PBXGroup;
			children = (
				5B1A8CC8228739120015040B /* movies */,
				5B1A8CDD228739140015040B /* moviesTests */,
				5B1A8CC7228739120015040B /* Products */,
			);
			sourceTree = "<group>";
		};
		5B1A8CC7228739120015040B /* Products */ = {
			isa = PBXGroup;
			children = (
				5B1A8CC6228739120015040B /* movies.app */,
				5B1A8CDA228739140015040B /* moviesTests.xctest */,
			);
			name = Products;
			sourceTree = "<group>";
		};
		5B1A8CC8228739120015040B /* movies */ = {
			isa = PBXGroup;
			children = (
				5BB3EA23228BA675009468F8 /* Icons */,
				5BB3EA16228B9028009468F8 /* Service */,
				5BB3EA15228B8FFE009468F8 /* Helper */,
				5BB3EA14228B8EFA009468F8 /* View */,
				5BB3EA13228B8EF4009468F8 /* Model */,
				5BB3EA12228B8EDF009468F8 /* Controller */,
				5B1A8CC9228739120015040B /* AppDelegate.swift */,
				5B1A8CCD228739120015040B /* Main.storyboard */,
				5B1A8CD0228739140015040B /* Assets.xcassets */,
				5B1A8CD2228739140015040B /* LaunchScreen.storyboard */,
				5B1A8CD5228739140015040B /* Info.plist */,
			);
			path = movies;
			sourceTree = "<group>";
		};
		5B1A8CDD228739140015040B /* moviesTests */ = {
			isa = PBXGroup;
			children = (
				5B1A8CDE228739140015040B /* moviesTests.swift */,
				5B1A8CE0228739140015040B /* Info.plist */,
			);
			path = moviesTests;
			sourceTree = "<group>";
		};
		5BB3EA12228B8EDF009468F8 /* Controller */ = {
			isa = PBXGroup;
			children = (
				5B1A8CF7228867360015040B /* MovieViewController.swift */,
				5B1A8CF9228889360015040B /* CategoriesViewController.swift */,
				5B35ADEA228A5F9300563D4E /* MovieListViewController.swift */,
				5BB3EA1F228BA1D9009468F8 /* IntroViewController.swift */,
				5B1A8CCB228739120015040B /* ViewController4.swift */,
			);
			path = Controller;
			sourceTree = "<group>";
		};
		5BB3EA13228B8EF4009468F8 /* Model */ = {
			isa = PBXGroup;
			children = (
				5B1A8CEB22874A120015040B /* Movie.swift */,
			);
			path = Model;
			sourceTree = "<group>";
		};
		5BB3EA14228B8EFA009468F8 /* View */ = {
			isa = PBXGroup;
			children = (
				5BB3EA17228B90F2009468F8 /* MovieCell.swift */,
			);
			path = View;
			sourceTree = "<group>";
		};
		5BB3EA15228B8FFE009468F8 /* Helper */ = {
			isa = PBXGroup;
			children = (
				5B1A8CE9228749700015040B /* Extensions.swift */,
				5BB3EA19228B928F009468F8 /* Category.swift */,
				5BB3EA1B228B9884009468F8 /* Type.swift */,
			);
			path = Helper;
			sourceTree = "<group>";
		};
		5BB3EA16228B9028009468F8 /* Service */ = {
			isa = PBXGroup;
			children = (
				5B1A8CFB2288D3720015040B /* Reachability.swift */,
				5B1A8CFD2288ED110015040B /* NSCache+Singleton.swift */,
				5BB3EA1D228B9AB7009468F8 /* InfoService.swift */,
			);
			path = Service;
			sourceTree = "<group>";
		};
		5BB3EA23228BA675009468F8 /* Icons */ = {
			isa = PBXGroup;
			children = (
				5BB3EA24228BAB86009468F8 /* logo.png */,
				5BB3EA26228BB245009468F8 /* unnamed.png */,
			);
			path = Icons;
			sourceTree = "<group>";
		};
/* End PBXGroup section */

/* Begin PBXNativeTarget section */
		5B1A8CC5228739120015040B /* movies */ = {
			isa = PBXNativeTarget;
			buildConfigurationList = 5B1A8CE3228739140015040B /* Build configuration list for PBXNativeTarget "movies" */;
			buildPhases = (
				5B1A8CC2228739120015040B /* Sources */,
				5B1A8CC3228739120015040B /* Frameworks */,
				5B1A8CC4228739120015040B /* Resources */,
			);
			buildRules = (
			);
			dependencies = (
			);
			name = movies;
			productName = movies;
			productReference = 5B1A8CC6228739120015040B /* movies.app */;
			productType = "com.apple.product-type.application";
		};
		5B1A8CD9228739140015040B /* moviesTests */ = {
			isa = PBXNativeTarget;
			buildConfigurationList = 5B1A8CE6228739140015040B /* Build configuration list for PBXNativeTarget "moviesTests" */;
			buildPhases = (
				5B1A8CD6228739140015040B /* Sources */,
				5B1A8CD7228739140015040B /* Frameworks */,
				5B1A8CD8228739140015040B /* Resources */,
			);
			buildRules = (
			);
			dependencies = (
				5B1A8CDC228739140015040B /* PBXTargetDependency */,
			);
			name = moviesTests;
			productName = moviesTests;
			productReference = 5B1A8CDA228739140015040B /* moviesTests.xctest */;
			productType = "com.apple.product-type.bundle.unit-test";
		};
/* End PBXNativeTarget section */

/* Begin PBXProject section */
		5B1A8CBE228739120015040B /* Project object */ = {
			isa = PBXProject;
			attributes = {
				LastSwiftUpdateCheck = 1020;
				LastUpgradeCheck = 1020;
				ORGANIZATIONNAME = "Esteban Ramirez";
				TargetAttributes = {
					5B1A8CC5228739120015040B = {
						CreatedOnToolsVersion = 10.2.1;
					};
					5B1A8CD9228739140015040B = {
						CreatedOnToolsVersion = 10.2.1;
						TestTargetID = 5B1A8CC5228739120015040B;
					};
				};
			};
			buildConfigurationList = 5B1A8CC1228739120015040B /* Build configuration list for PBXProject "movies" */;
			compatibilityVersion = "Xcode 9.3";
			developmentRegion = en;
			hasScannedForEncodings = 0;
			knownRegions = (
				en,
				Base,
			);
			mainGroup = 5B1A8CBD228739120015040B;
			productRefGroup = 5B1A8CC7228739120015040B /* Products */;
			projectDirPath = "";
			projectRoot = "";
			targets = (
				5B1A8CC5228739120015040B /* movies */,
				5B1A8CD9228739140015040B /* moviesTests */,
			);
		};
/* End PBXProject section */

/* Begin PBXResourcesBuildPhase section */
		5B1A8CC4228739120015040B /* Resources */ = {
			isa = PBXResourcesBuildPhase;
			buildActionMask = 2147483647;
			files = (
				5B1A8CD4228739140015040B /* LaunchScreen.storyboard in Resources */,
				5BB3EA25228BAB86009468F8 /* logo.png in Resources */,
				5BB3EA27228BB245009468F8 /* unnamed.png in Resources */,
				5B1A8CD1228739140015040B /* Assets.xcassets in Resources */,
				5B1A8CCF228739120015040B /* Main.storyboard in Resources */,
			);
			runOnlyForDeploymentPostprocessing = 0;
		};
		5B1A8CD8228739140015040B /* Resources */ = {
			isa = PBXResourcesBuildPhase;
			buildActionMask = 2147483647;
			files = (
			);
			runOnlyForDeploymentPostprocessing = 0;
		};
/* End PBXResourcesBuildPhase section */

/* Begin PBXSourcesBuildPhase section */
		5B1A8CC2228739120015040B /* Sources */ = {
			isa = PBXSourcesBuildPhase;
			buildActionMask = 2147483647;
			files = (
				5BB3EA18228B90F2009468F8 /* MovieCell.swift in Sources */,
				5B35ADEB228A5F9300563D4E /* MovieListViewController.swift in Sources */,
				5B1A8CCC228739120015040B /* ViewController4.swift in Sources */,
				5B1A8CFE2288ED110015040B /* NSCache+Singleton.swift in Sources */,
				5B1A8CEC22874A120015040B /* Movie.swift in Sources */,
				5BB3EA1C228B9884009468F8 /* Type.swift in Sources */,
				5BB3EA20228BA1D9009468F8 /* IntroViewController.swift in Sources */,
				5B1A8CF8228867360015040B /* MovieViewController.swift in Sources */,
				5B1A8CFA228889360015040B /* CategoriesViewController.swift in Sources */,
				5BB3EA1E228B9AB7009468F8 /* InfoService.swift in Sources */,
				5B1A8CFC2288D3720015040B /* Reachability.swift in Sources */,
				5B1A8CEA228749700015040B /* Extensions.swift in Sources */,
				5B1A8CCA228739120015040B /* AppDelegate.swift in Sources */,
				5BB3EA1A228B928F009468F8 /* Category.swift in Sources */,
			);
			runOnlyForDeploymentPostprocessing = 0;
		};
		5B1A8CD6228739140015040B /* Sources */ = {
			isa = PBXSourcesBuildPhase;
			buildActionMask = 2147483647;
			files = (
				5B1A8CDF228739140015040B /* moviesTests.swift in Sources */,
			);
			runOnlyForDeploymentPostprocessing = 0;
		};
/* End PBXSourcesBuildPhase section */

/* Begin PBXTargetDependency section */
		5B1A8CDC228739140015040B /* PBXTargetDependency */ = {
			isa = PBXTargetDependency;
			target = 5B1A8CC5228739120015040B /* movies */;
			targetProxy = 5B1A8CDB228739140015040B /* PBXContainerItemProxy */;
		};
/* End PBXTargetDependency section */

/* Begin PBXVariantGroup section */
		5B1A8CCD228739120015040B /* Main.storyboard */ = {
			isa = PBXVariantGroup;
			children = (
				5B1A8CCE228739120015040B /* Base */,
			);
			name = Main.storyboard;
			sourceTree = "<group>";
		};
		5B1A8CD2228739140015040B /* LaunchScreen.storyboard */ = {
			isa = PBXVariantGroup;
			children = (
				5B1A8CD3228739140015040B /* Base */,
			);
			name = LaunchScreen.storyboard;
			sourceTree = "<group>";
		};
/* End PBXVariantGroup section */

/* Begin XCBuildConfiguration section */
		5B1A8CE1228739140015040B /* Debug */ = {
			isa = XCBuildConfiguration;
			buildSettings = {
				ALWAYS_SEARCH_USER_PATHS = NO;
				CLANG_ANALYZER_NONNULL = YES;
				CLANG_ANALYZER_NUMBER_OBJECT_CONVERSION = YES_AGGRESSIVE;
				CLANG_CXX_LANGUAGE_STANDARD = "gnu++14";
				CLANG_CXX_LIBRARY = "libc++";
				CLANG_ENABLE_MODULES = YES;
				CLANG_ENABLE_OBJC_ARC = YES;
				CLANG_ENABLE_OBJC_WEAK = YES;
				CLANG_WARN_BLOCK_CAPTURE_AUTORELEASING = YES;
				CLANG_WARN_BOOL_CONVERSION = YES;
				CLANG_WARN_COMMA = YES;
				CLANG_WARN_CONSTANT_CONVERSION = YES;
				CLANG_WARN_DEPRECATED_OBJC_IMPLEMENTATIONS = YES;
				CLANG_WARN_DIRECT_OBJC_ISA_USAGE = YES_ERROR;
				CLANG_WARN_DOCUMENTATION_COMMENTS = YES;
				CLANG_WARN_EMPTY_BODY = YES;
				CLANG_WARN_ENUM_CONVERSION = YES;
				CLANG_WARN_INFINITE_RECURSION = YES;
				CLANG_WARN_INT_CONVERSION = YES;
				CLANG_WARN_NON_LITERAL_NULL_CONVERSION = YES;
				CLANG_WARN_OBJC_IMPLICIT_RETAIN_SELF = YES;
				CLANG_WARN_OBJC_LITERAL_CONVERSION = YES;
				CLANG_WARN_OBJC_ROOT_CLASS = YES_ERROR;
				CLANG_WARN_RANGE_LOOP_ANALYSIS = YES;
				CLANG_WARN_STRICT_PROTOTYPES = YES;
				CLANG_WARN_SUSPICIOUS_MOVE = YES;
				CLANG_WARN_UNGUARDED_AVAILABILITY = YES_AGGRESSIVE;
				CLANG_WARN_UNREACHABLE_CODE = YES;
				CLANG_WARN__DUPLICATE_METHOD_MATCH = YES;
				CODE_SIGN_IDENTITY = "iPhone Developer";
				COPY_PHASE_STRIP = NO;
				DEBUG_INFORMATION_FORMAT = dwarf;
				ENABLE_STRICT_OBJC_MSGSEND = YES;
				ENABLE_TESTABILITY = YES;
				GCC_C_LANGUAGE_STANDARD = gnu11;
				GCC_DYNAMIC_NO_PIC = NO;
				GCC_NO_COMMON_BLOCKS = YES;
				GCC_OPTIMIZATION_LEVEL = 0;
				GCC_PREPROCESSOR_DEFINITIONS = (
					"DEBUG=1",
					"$(inherited)",
				);
				GCC_WARN_64_TO_32_BIT_CONVERSION = YES;
				GCC_WARN_ABOUT_RETURN_TYPE = YES_ERROR;
				GCC_WARN_UNDECLARED_SELECTOR = YES;
				GCC_WARN_UNINITIALIZED_AUTOS = YES_AGGRESSIVE;
				GCC_WARN_UNUSED_FUNCTION = YES;
				GCC_WARN_UNUSED_VARIABLE = YES;
				IPHONEOS_DEPLOYMENT_TARGET = 12.2;
				MTL_ENABLE_DEBUG_INFO = INCLUDE_SOURCE;
				MTL_FAST_MATH = YES;
				ONLY_ACTIVE_ARCH = YES;
				SDKROOT = iphoneos;
				SWIFT_ACTIVE_COMPILATION_CONDITIONS = DEBUG;
				SWIFT_OPTIMIZATION_LEVEL = "-Onone";
			};
			name = Debug;
		};
		5B1A8CE2228739140015040B /* Release */ = {
			isa = XCBuildConfiguration;
			buildSettings = {
				ALWAYS_SEARCH_USER_PATHS = NO;
				CLANG_ANALYZER_NONNULL = YES;
				CLANG_ANALYZER_NUMBER_OBJECT_CONVERSION = YES_AGGRESSIVE;
				CLANG_CXX_LANGUAGE_STANDARD = "gnu++14";
				CLANG_CXX_LIBRARY = "libc++";
				CLANG_ENABLE_MODULES = YES;
				CLANG_ENABLE_OBJC_ARC = YES;
				CLANG_ENABLE_OBJC_WEAK = YES;
				CLANG_WARN_BLOCK_CAPTURE_AUTORELEASING = YES;
				CLANG_WARN_BOOL_CONVERSION = YES;
				CLANG_WARN_COMMA = YES;
				CLANG_WARN_CONSTANT_CONVERSION = YES;
				CLANG_WARN_DEPRECATED_OBJC_IMPLEMENTATIONS = YES;
				CLANG_WARN_DIRECT_OBJC_ISA_USAGE = YES_ERROR;
				CLANG_WARN_DOCUMENTATION_COMMENTS = YES;
				CLANG_WARN_EMPTY_BODY = YES;
				CLANG_WARN_ENUM_CONVERSION = YES;
				CLANG_WARN_INFINITE_RECURSION = YES;
				CLANG_WARN_INT_CONVERSION = YES;
				CLANG_WARN_NON_LITERAL_NULL_CONVERSION = YES;
				CLANG_WARN_OBJC_IMPLICIT_RETAIN_SELF = YES;
				CLANG_WARN_OBJC_LITERAL_CONVERSION = YES;
				CLANG_WARN_OBJC_ROOT_CLASS = YES_ERROR;
				CLANG_WARN_RANGE_LOOP_ANALYSIS = YES;
				CLANG_WARN_STRICT_PROTOTYPES = YES;
				CLANG_WARN_SUSPICIOUS_MOVE = YES;
				CLANG_WARN_UNGUARDED_AVAILABILITY = YES_AGGRESSIVE;
				CLANG_WARN_UNREACHABLE_CODE = YES;
				CLANG_WARN__DUPLICATE_METHOD_MATCH = YES;
				CODE_SIGN_IDENTITY = "iPhone Developer";
				COPY_PHASE_STRIP = NO;
				DEBUG_INFORMATION_FORMAT = "dwarf-with-dsym";
				ENABLE_NS_ASSERTIONS = NO;
				ENABLE_STRICT_OBJC_MSGSEND = YES;
				GCC_C_LANGUAGE_STANDARD = gnu11;
				GCC_NO_COMMON_BLOCKS = YES;
				GCC_WARN_64_TO_32_BIT_CONVERSION = YES;
				GCC_WARN_ABOUT_RETURN_TYPE = YES_ERROR;
				GCC_WARN_UNDECLARED_SELECTOR = YES;
				GCC_WARN_UNINITIALIZED_AUTOS = YES_AGGRESSIVE;
				GCC_WARN_UNUSED_FUNCTION = YES;
				GCC_WARN_UNUSED_VARIABLE = YES;
				IPHONEOS_DEPLOYMENT_TARGET = 12.2;
				MTL_ENABLE_DEBUG_INFO = NO;
				MTL_FAST_MATH = YES;
				SDKROOT = iphoneos;
				SWIFT_COMPILATION_MODE = wholemodule;
				SWIFT_OPTIMIZATION_LEVEL = "-O";
				VALIDATE_PRODUCT = YES;
			};
			name = Release;
		};
		5B1A8CE4228739140015040B /* Debug */ = {
			isa = XCBuildConfiguration;
			buildSettings = {
				ASSETCATALOG_COMPILER_APPICON_NAME = AppIcon;
				CODE_SIGN_STYLE = Automatic;
				DEVELOPMENT_TEAM = 4G2B3Y62RC;
				INFOPLIST_FILE = movies/Info.plist;
				LD_RUNPATH_SEARCH_PATHS = (
					"$(inherited)",
					"@executable_path/Frameworks",
				);
				PRODUCT_BUNDLE_IDENTIFIER = com.madsickbananas.movies;
				PRODUCT_NAME = "$(TARGET_NAME)";
				SWIFT_VERSION = 5.0;
				TARGETED_DEVICE_FAMILY = "1,2";
			};
			name = Debug;
		};
		5B1A8CE5228739140015040B /* Release */ = {
			isa = XCBuildConfiguration;
			buildSettings = {
				ASSETCATALOG_COMPILER_APPICON_NAME = AppIcon;
				CODE_SIGN_STYLE = Automatic;
				DEVELOPMENT_TEAM = 4G2B3Y62RC;
				INFOPLIST_FILE = movies/Info.plist;
				LD_RUNPATH_SEARCH_PATHS = (
					"$(inherited)",
					"@executable_path/Frameworks",
				);
				PRODUCT_BUNDLE_IDENTIFIER = com.madsickbananas.movies;
				PRODUCT_NAME = "$(TARGET_NAME)";
				SWIFT_VERSION = 5.0;
				TARGETED_DEVICE_FAMILY = "1,2";
			};
			name = Release;
		};
		5B1A8CE7228739140015040B /* Debug */ = {
			isa = XCBuildConfiguration;
			buildSettings = {
				ALWAYS_EMBED_SWIFT_STANDARD_LIBRARIES = YES;
				BUNDLE_LOADER = "$(TEST_HOST)";
				CODE_SIGN_STYLE = Automatic;
				DEVELOPMENT_TEAM = 4G2B3Y62RC;
				INFOPLIST_FILE = moviesTests/Info.plist;
				LD_RUNPATH_SEARCH_PATHS = (
					"$(inherited)",
					"@executable_path/Frameworks",
					"@loader_path/Frameworks",
				);
				PRODUCT_BUNDLE_IDENTIFIER = com.madsickbananas.moviesTests;
				PRODUCT_NAME = "$(TARGET_NAME)";
				SWIFT_VERSION = 5.0;
				TARGETED_DEVICE_FAMILY = "1,2";
				TEST_HOST = "$(BUILT_PRODUCTS_DIR)/movies.app/movies";
			};
			name = Debug;
		};
		5B1A8CE8228739140015040B /* Release */ = {
			isa = XCBuildConfiguration;
			buildSettings = {
				ALWAYS_EMBED_SWIFT_STANDARD_LIBRARIES = YES;
				BUNDLE_LOADER = "$(TEST_HOST)";
				CODE_SIGN_STYLE = Automatic;
				DEVELOPMENT_TEAM = 4G2B3Y62RC;
				INFOPLIST_FILE = moviesTests/Info.plist;
				LD_RUNPATH_SEARCH_PATHS = (
					"$(inherited)",
					"@executable_path/Frameworks",
					"@loader_path/Frameworks",
				);
				PRODUCT_BUNDLE_IDENTIFIER = com.madsickbananas.moviesTests;
				PRODUCT_NAME = "$(TARGET_NAME)";
				SWIFT_VERSION = 5.0;
				TARGETED_DEVICE_FAMILY = "1,2";
				TEST_HOST = "$(BUILT_PRODUCTS_DIR)/movies.app/movies";
			};
			name = Release;
		};
/* End XCBuildConfiguration section */

/* Begin XCConfigurationList section */
		5B1A8CC1228739120015040B /* Build configuration list for PBXProject "movies" */ = {
			isa = XCConfigurationList;
			buildConfigurations = (
				5B1A8CE1228739140015040B /* Debug */,
				5B1A8CE2228739140015040B /* Release */,
			);
			defaultConfigurationIsVisible = 0;
			defaultConfigurationName = Release;
		};
		5B1A8CE3228739140015040B /* Build configuration list for PBXNativeTarget "movies" */ = {
			isa = XCConfigurationList;
			buildConfigurations = (
				5B1A8CE4228739140015040B /* Debug */,
				5B1A8CE5228739140015040B /* Release */,
			);
			defaultConfigurationIsVisible = 0;
			defaultConfigurationName = Release;
		};
		5B1A8CE6228739140015040B /* Build configuration list for PBXNativeTarget "moviesTests" */ = {
			isa = XCConfigurationList;
			buildConfigurations = (
				5B1A8CE7228739140015040B /* Debug */,
				5B1A8CE8228739140015040B /* Release */,
			);
			defaultConfigurationIsVisible = 0;
			defaultConfigurationName = Release;
		};
/* End XCConfigurationList section */
	};
	rootObject = 5B1A8CBE228739120015040B /* Project object */;
}
